// !$*UTF8*$!
{
	archiveVersion = 1;
	classes = {
	};
	objectVersion = 46;
	objects = {

/* Begin PBXBuildFile section */
		A1A53DE51CA1470100E57A21 /* AppDelegate.swift in Sources */ = {isa = PBXBuildFile; fileRef = A1A53DE41CA1470100E57A21 /* AppDelegate.swift */; };
		A1A53DE71CA1470100E57A21 /* ViewController.swift in Sources */ = {isa = PBXBuildFile; fileRef = A1A53DE61CA1470100E57A21 /* ViewController.swift */; };
		A1A53DEA1CA1470100E57A21 /* Main.storyboard in Resources */ = {isa = PBXBuildFile; fileRef = A1A53DE81CA1470100E57A21 /* Main.storyboard */; };
		A1A53DEC1CA1470200E57A21 /* Assets.xcassets in Resources */ = {isa = PBXBuildFile; fileRef = A1A53DEB1CA1470200E57A21 /* Assets.xcassets */; };
		A1A53DEF1CA1470200E57A21 /* LaunchScreen.storyboard in Resources */ = {isa = PBXBuildFile; fileRef = A1A53DED1CA1470200E57A21 /* LaunchScreen.storyboard */; };
		A1A53DF71CA147A100E57A21 /* TipCalculatorModel.swift in Sources */ = {isa = PBXBuildFile; fileRef = A1A53DF61CA147A100E57A21 /* TipCalculatorModel.swift */; };
/* End PBXBuildFile section */

/* Begin PBXFileReference section */
		A1A53DE11CA1470100E57A21 /* TIpCalc.app */ = {isa = PBXFileReference; explicitFileType = wrapper.application; includeInIndex = 0; path = TIpCalc.app; sourceTree = BUILT_PRODUCTS_DIR; };
		A1A53DE41CA1470100E57A21 /* AppDelegate.swift */ = {isa = PBXFileReference; lastKnownFileType = sourcecode.swift; path = AppDelegate.swift; sourceTree = "<group>"; };
		A1A53DE61CA1470100E57A21 /* ViewController.swift */ = {isa = PBXFileReference; lastKnownFileType = sourcecode.swift; path = ViewController.swift; sourceTree = "<group>"; };
		A1A53DE91CA1470100E57A21 /* Base */ = {isa = PBXFileReference; lastKnownFileType = file.storyboard; name = Base; path = Base.lproj/Main.storyboard; sourceTree = "<group>"; };
		A1A53DEB1CA1470200E57A21 /* Assets.xcassets */ = {isa = PBXFileReference; lastKnownFileType = folder.assetcatalog; path = Assets.xcassets; sourceTree = "<group>"; };
		A1A53DEE1CA1470200E57A21 /* Base */ = {isa = PBXFileReference; lastKnownFileType = file.storyboard; name = Base; path = Base.lproj/LaunchScreen.storyboard; sourceTree = "<group>"; };
		A1A53DF01CA1470200E57A21 /* Info.plist */ = {isa = PBXFileReference; lastKnownFileType = text.plist.xml; path = Info.plist; sourceTree = "<group>"; };
		A1A53DF61CA147A100E57A21 /* TipCalculatorModel.swift */ = {isa = PBXFileReference; fileEncoding = 4; lastKnownFileType = sourcecode.swift; path = TipCalculatorModel.swift; sourceTree = "<group>"; };
/* End PBXFileReference section */

/* Begin PBXFrameworksBuildPhase section */
		A1A53DDE1CA1470100E57A21 /* Frameworks */ = {
			isa = PBXFrameworksBuildPhase;
			buildActionMask = 2147483647;
			files = (
			);
			runOnlyForDeploymentPostprocessing = 0;
		};
/* End PBXFrameworksBuildPhase section */

/* Begin PBXGroup section */
		A1A53DD81CA1470100E57A21 = {
			isa = PBXGroup;
			children = (
				A1A53DF61CA147A100E57A21 /* TipCalculatorModel.swift */,
				A1A53DE31CA1470100E57A21 /* TIpCalc */,
				A1A53DE21CA1470100E57A21 /* Products */,
			);
			sourceTree = "<group>";
		};
		A1A53DE21CA1470100E57A21 /* Products */ = {
			isa = PBXGroup;
			children = (
				A1A53DE11CA1470100E57A21 /* TIpCalc.app */,
			);
			name = Products;
			sourceTree = "<group>";
		};
		A1A53DE31CA1470100E57A21 /* TIpCalc */ = {
			isa = PBXGroup;
			children = (
				A1A53DE41CA1470100E57A21 /* AppDelegate.swift */,
				A1A53DE61CA1470100E57A21 /* ViewController.swift */,
				A1A53DE81CA1470100E57A21 /* Main.storyboard */,
				A1A53DEB1CA1470200E57A21 /* Assets.xcassets */,
				A1A53DED1CA1470200E57A21 /* LaunchScreen.storyboard */,
				A1A53DF01CA1470200E57A21 /* Info.plist */,
			);
			path = TIpCalc;
			sourceTree = "<group>";
		};
/* End PBXGroup section */

/* Begin PBXNativeTarget section */
		A1A53DE01CA1470100E57A21 /* TIpCalc */ = {
			isa = PBXNativeTarget;
			buildConfigurationList = A1A53DF31CA1470200E57A21 /* Build configuration list for PBXNativeTarget "TIpCalc" */;
			buildPhases = (
				A1A53DDD1CA1470100E57A21 /* Sources */,
				A1A53DDE1CA1470100E57A21 /* Frameworks */,
				A1A53DDF1CA1470100E57A21 /* Resources */,
			);
			buildRules = (
			);
			dependencies = (
			);
			name = TIpCalc;
			productName = TIpCalc;
			productReference = A1A53DE11CA1470100E57A21 /* TIpCalc.app */;
			productType = "com.apple.product-type.application";
		};
/* End PBXNativeTarget section */

/* Begin PBXProject section */
		A1A53DD91CA1470100E57A21 /* Project object */ = {
			isa = PBXProject;
			attributes = {
				LastSwiftUpdateCheck = 0720;
				LastUpgradeCheck = 0720;
				ORGANIZATIONNAME = kpugame;
				TargetAttributes = {
					A1A53DE01CA1470100E57A21 = {
						CreatedOnToolsVersion = 7.2.1;
						DevelopmentTeam = 5K89RS36D9;
					};
				};
			};
			buildConfigurationList = A1A53DDC1CA1470100E57A21 /* Build configuration list for PBXProject "TIpCalc" */;
			compatibilityVersion = "Xcode 3.2";
			developmentRegion = English;
			hasScannedForEncodings = 0;
			knownRegions = (
				en,
				Base,
			);
			mainGroup = A1A53DD81CA1470100E57A21;
			productRefGroup = A1A53DE21CA1470100E57A21 /* Products */;
			projectDirPath = "";
			projectRoot = "";
			targets = (
				A1A53DE01CA1470100E57A21 /* TIpCalc */,
			);
		};
/* End PBXProject section */

/* Begin PBXResourcesBuildPhase section */
		A1A53DDF1CA1470100E57A21 /* Resources */ = {
			isa = PBXResourcesBuildPhase;
			buildActionMask = 2147483647;
			files = (
				A1A53DEF1CA1470200E57A21 /* LaunchScreen.storyboard in Resources */,
				A1A53DEC1CA1470200E57A21 /* Assets.xcassets in Resources */,
				A1A53DEA1CA1470100E57A21 /* Main.storyboard in Resources */,
			);
			runOnlyForDeploymentPostprocessing = 0;
		};
/* End PBXResourcesBuildPhase section */

/* Begin PBXSourcesBuildPhase section */
		A1A53DDD1CA1470100E57A21 /* Sources */ = {
			isa = PBXSourcesBuildPhase;
			buildActionMask = 2147483647;
			files = (
				A1A53DF71CA147A100E57A21 /* TipCalculatorModel.swift in Sources */,
				A1A53DE71CA1470100E57A21 /* ViewController.swift in Sources */,
				A1A53DE51CA1470100E57A21 /* AppDelegate.swift in Sources */,
			);
			runOnlyForDeploymentPostprocessing = 0;
		};
/* End PBXSourcesBuildPhase section */

/* Begin PBXVariantGroup section */
		A1A53DE81CA1470100E57A21 /* Main.storyboard */ = {
			isa = PBXVariantGroup;
			children = (
				A1A53DE91CA1470100E57A21 /* Base */,
			);
			name = Main.storyboard;
			sourceTree = "<group>";
		};
		A1A53DED1CA1470200E57A21 /* LaunchScreen.storyboard */ = {
			isa = PBXVariantGroup;
			children = (
				A1A53DEE1CA1470200E57A21 /* Base */,
			);
			name = LaunchScreen.storyboard;
			sourceTree = "<group>";
		};
/* End PBXVariantGroup section */

/* Begin XCBuildConfiguration section */
		A1A53DF11CA1470200E57A21 /* Debug */ = {
			isa = XCBuildConfiguration;
			buildSettings = {
				ALWAYS_SEARCH_USER_PATHS = NO;
				CLANG_CXX_LANGUAGE_STANDARD = "gnu++0x";
				CLANG_CXX_LIBRARY = "libc++";
				CLANG_ENABLE_MODULES = YES;
				CLANG_ENABLE_OBJC_ARC = YES;
				CLANG_WARN_BOOL_CONVERSION = YES;
				CLANG_WARN_CONSTANT_CONVERSION = YES;
				CLANG_WARN_DIRECT_OBJC_ISA_USAGE = YES_ERROR;
				CLANG_WARN_EMPTY_BODY = YES;
				CLANG_WARN_ENUM_CONVERSION = YES;
				CLANG_WARN_INT_CONVERSION = YES;
				CLANG_WARN_OBJC_ROOT_CLASS = YES_ERROR;
				CLANG_WARN_UNREACHABLE_CODE = YES;
				CLANG_WARN__DUPLICATE_METHOD_MATCH = YES;
				"CODE_SIGN_IDENTITY[sdk=iphoneos*]" = "iPhone Developer";
				COPY_PHASE_STRIP = NO;
				DEBUG_INFORMATION_FORMAT = dwarf;
				ENABLE_STRICT_OBJC_MSGSEND = YES;
				ENABLE_TESTABILITY = YES;
				GCC_C_LANGUAGE_STANDARD = gnu99;
				GCC_DYNAMIC_NO_PIC = NO;
				GCC_NO_COMMON_BLOCKS = YES;
				GCC_OPTIMIZATION_LEVEL = 0;
				GCC_PREPROCESSOR_DEFINITIONS = (
					"DEBUG=1",
					"$(inherited)",
				);
				GCC_WARN_64_TO_32_BIT_CONVERSION = YES;
				GCC_WARN_ABOUT_RETURN_TYPE = YES_ERROR;
				GCC_WARN_UNDECLARED_SELECTOR = YES;
				GCC_WARN_UNINITIALIZED_AUTOS = YES_AGGRESSIVE;
				GCC_WARN_UNUSED_FUNCTION = YES;
				GCC_WARN_UNUSED_VARIABLE = YES;
				IPHONEOS_DEPLOYMENT_TARGET = 9.2;
				MTL_ENABLE_DEBUG_INFO = YES;
				ONLY_ACTIVE_ARCH = YES;
				SDKROOT = iphoneos;
				SWIFT_OPTIMIZATION_LEVEL = "-Onone";
			};
			name = Debug;
		};
		A1A53DF21CA1470200E57A21 /* Release */ = {
			isa = XCBuildConfiguration;
			buildSettings = {
				ALWAYS_SEARCH_USER_PATHS = NO;
				CLANG_CXX_LANGUAGE_STANDARD = "gnu++0x";
				CLANG_CXX_LIBRARY = "libc++";
				CLANG_ENABLE_MODULES = YES;
				CLANG_ENABLE_OBJC_ARC = YES;
				CLANG_WARN_BOOL_CONVERSION = YES;
				CLANG_WARN_CONSTANT_CONVERSION = YES;
				CLANG_WARN_DIRECT_OBJC_ISA_USAGE = YES_ERROR;
				CLANG_WARN_EMPTY_BODY = YES;
				CLANG_WARN_ENUM_CONVERSION = YES;
				CLANG_WARN_INT_CONVERSION = YES;
				CLANG_WARN_OBJC_ROOT_CLASS = YES_ERROR;
				CLANG_WARN_UNREACHABLE_CODE = YES;
				CLANG_WARN__DUPLICATE_METHOD_MATCH = YES;
				"CODE_SIGN_IDENTITY[sdk=iphoneos*]" = "iPhone Developer";
				COPY_PHASE_STRIP = NO;
				DEBUG_INFORMATION_FORMAT = "dwarf-with-dsym";
				ENABLE_NS_ASSERTIONS = NO;
				ENABLE_STRICT_OBJC_MSGSEND = YES;
				GCC_C_LANGUAGE_STANDARD = gnu99;
				GCC_NO_COMMON_BLOCKS = YES;
				GCC_WARN_64_TO_32_BIT_CONVERSION = YES;
				GCC_WARN_ABOUT_RETURN_TYPE = YES_ERROR;
				GCC_WARN_UNDECLARED_SELECTOR = YES;
				GCC_WARN_UNINITIALIZED_AUTOS = YES_AGGRESSIVE;
				GCC_WARN_UNUSED_FUNCTION = YES;
				GCC_WARN_UNUSED_VARIABLE = YES;
				IPHONEOS_DEPLOYMENT_TARGET = 9.2;
				MTL_ENABLE_DEBUG_INFO = NO;
				SDKROOT = iphoneos;
				VALIDATE_PRODUCT = YES;
			};
			name = Release;
		};
		A1A53DF41CA1470200E57A21 /* Debug */ = {
			isa = XCBuildConfiguration;
			buildSettings = {
				ASSETCATALOG_COMPILER_APPICON_NAME = AppIcon;
				CODE_SIGN_IDENTITY = "iPhone Developer";
				INFOPLIST_FILE = TIpCalc/Info.plist;
				LD_RUNPATH_SEARCH_PATHS = "$(inherited) @executable_path/Frameworks";
				PRODUCT_BUNDLE_IDENTIFIER = kpu.2016class.TIpCalc;
				PRODUCT_NAME = "$(TARGET_NAME)";
				TARGETED_DEVICE_FAMILY = "1,2";
			};
			name = Debug;
		};
		A1A53DF51CA1470200E57A21 /* Release */ = {
			isa = XCBuildConfiguration;
			buildSettings = {
				ASSETCATALOG_COMPILER_APPICON_NAME = AppIcon;
				CODE_SIGN_IDENTITY = "iPhone Developer";
				INFOPLIST_FILE = TIpCalc/Info.plist;
				LD_RUNPATH_SEARCH_PATHS = "$(inherited) @executable_path/Frameworks";
				PRODUCT_BUNDLE_IDENTIFIER = kpu.2016class.TIpCalc;
				PRODUCT_NAME = "$(TARGET_NAME)";
				TARGETED_DEVICE_FAMILY = "1,2";
			};
			name = Release;
		};
/* End XCBuildConfiguration section */

/* Begin XCConfigurationList section */
		A1A53DDC1CA1470100E57A21 /* Build configuration list for PBXProject "TIpCalc" */ = {
			isa = XCConfigurationList;
			buildConfigurations = (
				A1A53DF11CA1470200E57A21 /* Debug */,
				A1A53DF21CA1470200E57A21 /* Release */,
			);
			defaultConfigurationIsVisible = 0;
			defaultConfigurationName = Release;
		};
		A1A53DF31CA1470200E57A21 /* Build configuration list for PBXNativeTarget "TIpCalc" */ = {
			isa = XCConfigurationList;
			buildConfigurations = (
				A1A53DF41CA1470200E57A21 /* Debug */,
				A1A53DF51CA1470200E57A21 /* Release */,
			);
			defaultConfigurationIsVisible = 0;
		};
/* End XCConfigurationList section */
	};
	rootObject = A1A53DD91CA1470100E57A21 /* Project object */;
}
