// !$*UTF8*$!
{
	archiveVersion = 1;
	classes = {
	};
	objectVersion = 46;
	objects = {

/* Begin PBXBuildFile section */
		A18A76961CC3336300FE3832 /* AppDelegate.swift in Sources */ = {isa = PBXBuildFile; fileRef = A18A76951CC3336300FE3832 /* AppDelegate.swift */; };
		A18A76981CC3336300FE3832 /* ViewController.swift in Sources */ = {isa = PBXBuildFile; fileRef = A18A76971CC3336300FE3832 /* ViewController.swift */; };
		A18A769B1CC3336300FE3832 /* Main.storyboard in Resources */ = {isa = PBXBuildFile; fileRef = A18A76991CC3336300FE3832 /* Main.storyboard */; };
		A18A769D1CC3336300FE3832 /* Assets.xcassets in Resources */ = {isa = PBXBuildFile; fileRef = A18A769C1CC3336300FE3832 /* Assets.xcassets */; };
		A18A76A01CC3336300FE3832 /* LaunchScreen.storyboard in Resources */ = {isa = PBXBuildFile; fileRef = A18A769E1CC3336300FE3832 /* LaunchScreen.storyboard */; };
		A18A76A81CC3432D00FE3832 /* TipCalculatorModel.swift in Sources */ = {isa = PBXBuildFile; fileRef = A18A76A71CC3432D00FE3832 /* TipCalculatorModel.swift */; };
/* End PBXBuildFile section */

/* Begin PBXFileReference section */
		A18A76921CC3336300FE3832 /* multipleExchangeCalculator.app */ = {isa = PBXFileReference; explicitFileType = wrapper.application; includeInIndex = 0; path = multipleExchangeCalculator.app; sourceTree = BUILT_PRODUCTS_DIR; };
		A18A76951CC3336300FE3832 /* AppDelegate.swift */ = {isa = PBXFileReference; lastKnownFileType = sourcecode.swift; path = AppDelegate.swift; sourceTree = "<group>"; };
		A18A76971CC3336300FE3832 /* ViewController.swift */ = {isa = PBXFileReference; lastKnownFileType = sourcecode.swift; path = ViewController.swift; sourceTree = "<group>"; };
		A18A769A1CC3336300FE3832 /* Base */ = {isa = PBXFileReference; lastKnownFileType = file.storyboard; name = Base; path = Base.lproj/Main.storyboard; sourceTree = "<group>"; };
		A18A769C1CC3336300FE3832 /* Assets.xcassets */ = {isa = PBXFileReference; lastKnownFileType = folder.assetcatalog; path = Assets.xcassets; sourceTree = "<group>"; };
		A18A769F1CC3336300FE3832 /* Base */ = {isa = PBXFileReference; lastKnownFileType = file.storyboard; name = Base; path = Base.lproj/LaunchScreen.storyboard; sourceTree = "<group>"; };
		A18A76A11CC3336300FE3832 /* Info.plist */ = {isa = PBXFileReference; lastKnownFileType = text.plist.xml; path = Info.plist; sourceTree = "<group>"; };
		A18A76A71CC3432D00FE3832 /* TipCalculatorModel.swift */ = {isa = PBXFileReference; fileEncoding = 4; lastKnownFileType = sourcecode.swift; path = TipCalculatorModel.swift; sourceTree = "<group>"; };
/* End PBXFileReference section */

/* Begin PBXFrameworksBuildPhase section */
		A18A768F1CC3336300FE3832 /* Frameworks */ = {
			isa = PBXFrameworksBuildPhase;
			buildActionMask = 2147483647;
			files = (
			);
			runOnlyForDeploymentPostprocessing = 0;
		};
/* End PBXFrameworksBuildPhase section */

/* Begin PBXGroup section */
		A18A76891CC3336300FE3832 = {
			isa = PBXGroup;
			children = (
				A18A76A71CC3432D00FE3832 /* TipCalculatorModel.swift */,
				A18A76941CC3336300FE3832 /* multipleExchangeCalculator */,
				A18A76931CC3336300FE3832 /* Products */,
			);
			sourceTree = "<group>";
		};
		A18A76931CC3336300FE3832 /* Products */ = {
			isa = PBXGroup;
			children = (
				A18A76921CC3336300FE3832 /* multipleExchangeCalculator.app */,
			);
			name = Products;
			sourceTree = "<group>";
		};
		A18A76941CC3336300FE3832 /* multipleExchangeCalculator */ = {
			isa = PBXGroup;
			children = (
				A18A76951CC3336300FE3832 /* AppDelegate.swift */,
				A18A76971CC3336300FE3832 /* ViewController.swift */,
				A18A76991CC3336300FE3832 /* Main.storyboard */,
				A18A769C1CC3336300FE3832 /* Assets.xcassets */,
				A18A769E1CC3336300FE3832 /* LaunchScreen.storyboard */,
				A18A76A11CC3336300FE3832 /* Info.plist */,
			);
			path = multipleExchangeCalculator;
			sourceTree = "<group>";
		};
/* End PBXGroup section */

/* Begin PBXNativeTarget section */
		A18A76911CC3336300FE3832 /* multipleExchangeCalculator */ = {
			isa = PBXNativeTarget;
			buildConfigurationList = A18A76A41CC3336300FE3832 /* Build configuration list for PBXNativeTarget "multipleExchangeCalculator" */;
			buildPhases = (
				A18A768E1CC3336300FE3832 /* Sources */,
				A18A768F1CC3336300FE3832 /* Frameworks */,
				A18A76901CC3336300FE3832 /* Resources */,
			);
			buildRules = (
			);
			dependencies = (
			);
			name = multipleExchangeCalculator;
			productName = multipleExchangeCalculator;
			productReference = A18A76921CC3336300FE3832 /* multipleExchangeCalculator.app */;
			productType = "com.apple.product-type.application";
		};
/* End PBXNativeTarget section */

/* Begin PBXProject section */
		A18A768A1CC3336300FE3832 /* Project object */ = {
			isa = PBXProject;
			attributes = {
				LastSwiftUpdateCheck = 0730;
				LastUpgradeCheck = 0730;
				ORGANIZATIONNAME = kpugame;
				TargetAttributes = {
					A18A76911CC3336300FE3832 = {
						CreatedOnToolsVersion = 7.3;
						DevelopmentTeam = 5K89RS36D9;
					};
				};
			};
			buildConfigurationList = A18A768D1CC3336300FE3832 /* Build configuration list for PBXProject "multipleExchangeCalculator" */;
			compatibilityVersion = "Xcode 3.2";
			developmentRegion = English;
			hasScannedForEncodings = 0;
			knownRegions = (
				en,
				Base,
			);
			mainGroup = A18A76891CC3336300FE3832;
			productRefGroup = A18A76931CC3336300FE3832 /* Products */;
			projectDirPath = "";
			projectRoot = "";
			targets = (
				A18A76911CC3336300FE3832 /* multipleExchangeCalculator */,
			);
		};
/* End PBXProject section */

/* Begin PBXResourcesBuildPhase section */
		A18A76901CC3336300FE3832 /* Resources */ = {
			isa = PBXResourcesBuildPhase;
			buildActionMask = 2147483647;
			files = (
				A18A76A01CC3336300FE3832 /* LaunchScreen.storyboard in Resources */,
				A18A769D1CC3336300FE3832 /* Assets.xcassets in Resources */,
				A18A769B1CC3336300FE3832 /* Main.storyboard in Resources */,
			);
			runOnlyForDeploymentPostprocessing = 0;
		};
/* End PBXResourcesBuildPhase section */

/* Begin PBXSourcesBuildPhase section */
		A18A768E1CC3336300FE3832 /* Sources */ = {
			isa = PBXSourcesBuildPhase;
			buildActionMask = 2147483647;
			files = (
				A18A76A81CC3432D00FE3832 /* TipCalculatorModel.swift in Sources */,
				A18A76981CC3336300FE3832 /* ViewController.swift in Sources */,
				A18A76961CC3336300FE3832 /* AppDelegate.swift in Sources */,
			);
			runOnlyForDeploymentPostprocessing = 0;
		};
/* End PBXSourcesBuildPhase section */

/* Begin PBXVariantGroup section */
		A18A76991CC3336300FE3832 /* Main.storyboard */ = {
			isa = PBXVariantGroup;
			children = (
				A18A769A1CC3336300FE3832 /* Base */,
			);
			name = Main.storyboard;
			sourceTree = "<group>";
		};
		A18A769E1CC3336300FE3832 /* LaunchScreen.storyboard */ = {
			isa = PBXVariantGroup;
			children = (
				A18A769F1CC3336300FE3832 /* Base */,
			);
			name = LaunchScreen.storyboard;
			sourceTree = "<group>";
		};
/* End PBXVariantGroup section */

/* Begin XCBuildConfiguration section */
		A18A76A21CC3336300FE3832 /* Debug */ = {
			isa = XCBuildConfiguration;
			buildSettings = {
				ALWAYS_SEARCH_USER_PATHS = NO;
				CLANG_ANALYZER_NONNULL = YES;
				CLANG_CXX_LANGUAGE_STANDARD = "gnu++0x";
				CLANG_CXX_LIBRARY = "libc++";
				CLANG_ENABLE_MODULES = YES;
				CLANG_ENABLE_OBJC_ARC = YES;
				CLANG_WARN_BOOL_CONVERSION = YES;
				CLANG_WARN_CONSTANT_CONVERSION = YES;
				CLANG_WARN_DIRECT_OBJC_ISA_USAGE = YES_ERROR;
				CLANG_WARN_EMPTY_BODY = YES;
				CLANG_WARN_ENUM_CONVERSION = YES;
				CLANG_WARN_INT_CONVERSION = YES;
				CLANG_WARN_OBJC_ROOT_CLASS = YES_ERROR;
				CLANG_WARN_UNREACHABLE_CODE = YES;
				CLANG_WARN__DUPLICATE_METHOD_MATCH = YES;
				"CODE_SIGN_IDENTITY[sdk=iphoneos*]" = "iPhone Developer";
				COPY_PHASE_STRIP = NO;
				DEBUG_INFORMATION_FORMAT = dwarf;
				ENABLE_STRICT_OBJC_MSGSEND = YES;
				ENABLE_TESTABILITY = YES;
				GCC_C_LANGUAGE_STANDARD = gnu99;
				GCC_DYNAMIC_NO_PIC = NO;
				GCC_NO_COMMON_BLOCKS = YES;
				GCC_OPTIMIZATION_LEVEL = 0;
				GCC_PREPROCESSOR_DEFINITIONS = (
					"DEBUG=1",
					"$(inherited)",
				);
				GCC_WARN_64_TO_32_BIT_CONVERSION = YES;
				GCC_WARN_ABOUT_RETURN_TYPE = YES_ERROR;
				GCC_WARN_UNDECLARED_SELECTOR = YES;
				GCC_WARN_UNINITIALIZED_AUTOS = YES_AGGRESSIVE;
				GCC_WARN_UNUSED_FUNCTION = YES;
				GCC_WARN_UNUSED_VARIABLE = YES;
				IPHONEOS_DEPLOYMENT_TARGET = 9.3;
				MTL_ENABLE_DEBUG_INFO = YES;
				ONLY_ACTIVE_ARCH = YES;
				SDKROOT = iphoneos;
				SWIFT_OPTIMIZATION_LEVEL = "-Onone";
				TARGETED_DEVICE_FAMILY = "1,2";
			};
			name = Debug;
		};
		A18A76A31CC3336300FE3832 /* Release */ = {
			isa = XCBuildConfiguration;
			buildSettings = {
				ALWAYS_SEARCH_USER_PATHS = NO;
				CLANG_ANALYZER_NONNULL = YES;
				CLANG_CXX_LANGUAGE_STANDARD = "gnu++0x";
				CLANG_CXX_LIBRARY = "libc++";
				CLANG_ENABLE_MODULES = YES;
				CLANG_ENABLE_OBJC_ARC = YES;
				CLANG_WARN_BOOL_CONVERSION = YES;
				CLANG_WARN_CONSTANT_CONVERSION = YES;
				CLANG_WARN_DIRECT_OBJC_ISA_USAGE = YES_ERROR;
				CLANG_WARN_EMPTY_BODY = YES;
				CLANG_WARN_ENUM_CONVERSION = YES;
				CLANG_WARN_INT_CONVERSION = YES;
				CLANG_WARN_OBJC_ROOT_CLASS = YES_ERROR;
				CLANG_WARN_UNREACHABLE_CODE = YES;
				CLANG_WARN__DUPLICATE_METHOD_MATCH = YES;
				"CODE_SIGN_IDENTITY[sdk=iphoneos*]" = "iPhone Developer";
				COPY_PHASE_STRIP = NO;
				DEBUG_INFORMATION_FORMAT = "dwarf-with-dsym";
				ENABLE_NS_ASSERTIONS = NO;
				ENABLE_STRICT_OBJC_MSGSEND = YES;
				GCC_C_LANGUAGE_STANDARD = gnu99;
				GCC_NO_COMMON_BLOCKS = YES;
				GCC_WARN_64_TO_32_BIT_CONVERSION = YES;
				GCC_WARN_ABOUT_RETURN_TYPE = YES_ERROR;
				GCC_WARN_UNDECLARED_SELECTOR = YES;
				GCC_WARN_UNINITIALIZED_AUTOS = YES_AGGRESSIVE;
				GCC_WARN_UNUSED_FUNCTION = YES;
				GCC_WARN_UNUSED_VARIABLE = YES;
				IPHONEOS_DEPLOYMENT_TARGET = 9.3;
				MTL_ENABLE_DEBUG_INFO = NO;
				SDKROOT = iphoneos;
				TARGETED_DEVICE_FAMILY = "1,2";
				VALIDATE_PRODUCT = YES;
			};
			name = Release;
		};
		A18A76A51CC3336300FE3832 /* Debug */ = {
			isa = XCBuildConfiguration;
			buildSettings = {
				ASSETCATALOG_COMPILER_APPICON_NAME = AppIcon;
				CODE_SIGN_IDENTITY = "iPhone Developer";
				INFOPLIST_FILE = multipleExchangeCalculator/Info.plist;
				LD_RUNPATH_SEARCH_PATHS = "$(inherited) @executable_path/Frameworks";
				PRODUCT_BUNDLE_IDENTIFIER = kpu.2016class.multipleExchangeCalculator;
				PRODUCT_NAME = "$(TARGET_NAME)";
			};
			name = Debug;
		};
		A18A76A61CC3336300FE3832 /* Release */ = {
			isa = XCBuildConfiguration;
			buildSettings = {
				ASSETCATALOG_COMPILER_APPICON_NAME = AppIcon;
				CODE_SIGN_IDENTITY = "iPhone Developer";
				INFOPLIST_FILE = multipleExchangeCalculator/Info.plist;
				LD_RUNPATH_SEARCH_PATHS = "$(inherited) @executable_path/Frameworks";
				PRODUCT_BUNDLE_IDENTIFIER = kpu.2016class.multipleExchangeCalculator;
				PRODUCT_NAME = "$(TARGET_NAME)";
			};
			name = Release;
		};
/* End XCBuildConfiguration section */

/* Begin XCConfigurationList section */
		A18A768D1CC3336300FE3832 /* Build configuration list for PBXProject "multipleExchangeCalculator" */ = {
			isa = XCConfigurationList;
			buildConfigurations = (
				A18A76A21CC3336300FE3832 /* Debug */,
				A18A76A31CC3336300FE3832 /* Release */,
			);
			defaultConfigurationIsVisible = 0;
			defaultConfigurationName = Release;
		};
		A18A76A41CC3336300FE3832 /* Build configuration list for PBXNativeTarget "multipleExchangeCalculator" */ = {
			isa = XCConfigurationList;
			buildConfigurations = (
				A18A76A51CC3336300FE3832 /* Debug */,
				A18A76A61CC3336300FE3832 /* Release */,
			);
			defaultConfigurationIsVisible = 0;
			defaultConfigurationName = Release;
		};
/* End XCConfigurationList section */
	};
	rootObject = A18A768A1CC3336300FE3832 /* Project object */;
}
