// !$*UTF8*$!
{
	archiveVersion = 1;
	classes = {
	};
	objectVersion = 46;
	objects = {

/* Begin PBXBuildFile section */
		A14FE94C1C91878D00129A5D /* AppDelegate.swift in Sources */ = {isa = PBXBuildFile; fileRef = A14FE94B1C91878D00129A5D /* AppDelegate.swift */; };
		A14FE94E1C91878D00129A5D /* ViewController.swift in Sources */ = {isa = PBXBuildFile; fileRef = A14FE94D1C91878D00129A5D /* ViewController.swift */; };
		A14FE9511C91878D00129A5D /* Main.storyboard in Resources */ = {isa = PBXBuildFile; fileRef = A14FE94F1C91878D00129A5D /* Main.storyboard */; };
		A14FE9531C91878D00129A5D /* Assets.xcassets in Resources */ = {isa = PBXBuildFile; fileRef = A14FE9521C91878D00129A5D /* Assets.xcassets */; };
		A14FE9561C91878D00129A5D /* LaunchScreen.storyboard in Resources */ = {isa = PBXBuildFile; fileRef = A14FE9541C91878D00129A5D /* LaunchScreen.storyboard */; };
		A14FE9611C91878D00129A5D /* HelloWorldTests.swift in Sources */ = {isa = PBXBuildFile; fileRef = A14FE9601C91878D00129A5D /* HelloWorldTests.swift */; };
		A14FE96C1C91878D00129A5D /* HelloWorldUITests.swift in Sources */ = {isa = PBXBuildFile; fileRef = A14FE96B1C91878D00129A5D /* HelloWorldUITests.swift */; };
/* End PBXBuildFile section */

/* Begin PBXContainerItemProxy section */
		A14FE95D1C91878D00129A5D /* PBXContainerItemProxy */ = {
			isa = PBXContainerItemProxy;
			containerPortal = A14FE9401C91878D00129A5D /* Project object */;
			proxyType = 1;
			remoteGlobalIDString = A14FE9471C91878D00129A5D;
			remoteInfo = HelloWorld;
		};
		A14FE9681C91878D00129A5D /* PBXContainerItemProxy */ = {
			isa = PBXContainerItemProxy;
			containerPortal = A14FE9401C91878D00129A5D /* Project object */;
			proxyType = 1;
			remoteGlobalIDString = A14FE9471C91878D00129A5D;
			remoteInfo = HelloWorld;
		};
/* End PBXContainerItemProxy section */

/* Begin PBXFileReference section */
		A14FE9481C91878D00129A5D /* HelloWorld.app */ = {isa = PBXFileReference; explicitFileType = wrapper.application; includeInIndex = 0; path = HelloWorld.app; sourceTree = BUILT_PRODUCTS_DIR; };
		A14FE94B1C91878D00129A5D /* AppDelegate.swift */ = {isa = PBXFileReference; lastKnownFileType = sourcecode.swift; path = AppDelegate.swift; sourceTree = "<group>"; };
		A14FE94D1C91878D00129A5D /* ViewController.swift */ = {isa = PBXFileReference; lastKnownFileType = sourcecode.swift; path = ViewController.swift; sourceTree = "<group>"; };
		A14FE9501C91878D00129A5D /* Base */ = {isa = PBXFileReference; lastKnownFileType = file.storyboard; name = Base; path = Base.lproj/Main.storyboard; sourceTree = "<group>"; };
		A14FE9521C91878D00129A5D /* Assets.xcassets */ = {isa = PBXFileReference; lastKnownFileType = folder.assetcatalog; path = Assets.xcassets; sourceTree = "<group>"; };
		A14FE9551C91878D00129A5D /* Base */ = {isa = PBXFileReference; lastKnownFileType = file.storyboard; name = Base; path = Base.lproj/LaunchScreen.storyboard; sourceTree = "<group>"; };
		A14FE9571C91878D00129A5D /* Info.plist */ = {isa = PBXFileReference; lastKnownFileType = text.plist.xml; path = Info.plist; sourceTree = "<group>"; };
		A14FE95C1C91878D00129A5D /* HelloWorldTests.xctest */ = {isa = PBXFileReference; explicitFileType = wrapper.cfbundle; includeInIndex = 0; path = HelloWorldTests.xctest; sourceTree = BUILT_PRODUCTS_DIR; };
		A14FE9601C91878D00129A5D /* HelloWorldTests.swift */ = {isa = PBXFileReference; lastKnownFileType = sourcecode.swift; path = HelloWorldTests.swift; sourceTree = "<group>"; };
		A14FE9621C91878D00129A5D /* Info.plist */ = {isa = PBXFileReference; lastKnownFileType = text.plist.xml; path = Info.plist; sourceTree = "<group>"; };
		A14FE9671C91878D00129A5D /* HelloWorldUITests.xctest */ = {isa = PBXFileReference; explicitFileType = wrapper.cfbundle; includeInIndex = 0; path = HelloWorldUITests.xctest; sourceTree = BUILT_PRODUCTS_DIR; };
		A14FE96B1C91878D00129A5D /* HelloWorldUITests.swift */ = {isa = PBXFileReference; lastKnownFileType = sourcecode.swift; path = HelloWorldUITests.swift; sourceTree = "<group>"; };
		A14FE96D1C91878D00129A5D /* Info.plist */ = {isa = PBXFileReference; lastKnownFileType = text.plist.xml; path = Info.plist; sourceTree = "<group>"; };
/* End PBXFileReference section */

/* Begin PBXFrameworksBuildPhase section */
		A14FE9451C91878D00129A5D /* Frameworks */ = {
			isa = PBXFrameworksBuildPhase;
			buildActionMask = 2147483647;
			files = (
			);
			runOnlyForDeploymentPostprocessing = 0;
		};
		A14FE9591C91878D00129A5D /* Frameworks */ = {
			isa = PBXFrameworksBuildPhase;
			buildActionMask = 2147483647;
			files = (
			);
			runOnlyForDeploymentPostprocessing = 0;
		};
		A14FE9641C91878D00129A5D /* Frameworks */ = {
			isa = PBXFrameworksBuildPhase;
			buildActionMask = 2147483647;
			files = (
			);
			runOnlyForDeploymentPostprocessing = 0;
		};
/* End PBXFrameworksBuildPhase section */

/* Begin PBXGroup section */
		A14FE93F1C91878D00129A5D = {
			isa = PBXGroup;
			children = (
				A14FE94A1C91878D00129A5D /* HelloWorld */,
				A14FE95F1C91878D00129A5D /* HelloWorldTests */,
				A14FE96A1C91878D00129A5D /* HelloWorldUITests */,
				A14FE9491C91878D00129A5D /* Products */,
			);
			sourceTree = "<group>";
		};
		A14FE9491C91878D00129A5D /* Products */ = {
			isa = PBXGroup;
			children = (
				A14FE9481C91878D00129A5D /* HelloWorld.app */,
				A14FE95C1C91878D00129A5D /* HelloWorldTests.xctest */,
				A14FE9671C91878D00129A5D /* HelloWorldUITests.xctest */,
			);
			name = Products;
			sourceTree = "<group>";
		};
		A14FE94A1C91878D00129A5D /* HelloWorld */ = {
			isa = PBXGroup;
			children = (
				A14FE94B1C91878D00129A5D /* AppDelegate.swift */,
				A14FE94D1C91878D00129A5D /* ViewController.swift */,
				A14FE94F1C91878D00129A5D /* Main.storyboard */,
				A14FE9521C91878D00129A5D /* Assets.xcassets */,
				A14FE9541C91878D00129A5D /* LaunchScreen.storyboard */,
				A14FE9571C91878D00129A5D /* Info.plist */,
			);
			path = HelloWorld;
			sourceTree = "<group>";
		};
		A14FE95F1C91878D00129A5D /* HelloWorldTests */ = {
			isa = PBXGroup;
			children = (
				A14FE9601C91878D00129A5D /* HelloWorldTests.swift */,
				A14FE9621C91878D00129A5D /* Info.plist */,
			);
			path = HelloWorldTests;
			sourceTree = "<group>";
		};
		A14FE96A1C91878D00129A5D /* HelloWorldUITests */ = {
			isa = PBXGroup;
			children = (
				A14FE96B1C91878D00129A5D /* HelloWorldUITests.swift */,
				A14FE96D1C91878D00129A5D /* Info.plist */,
			);
			path = HelloWorldUITests;
			sourceTree = "<group>";
		};
/* End PBXGroup section */

/* Begin PBXNativeTarget section */
		A14FE9471C91878D00129A5D /* HelloWorld */ = {
			isa = PBXNativeTarget;
			buildConfigurationList = A14FE9701C91878D00129A5D /* Build configuration list for PBXNativeTarget "HelloWorld" */;
			buildPhases = (
				A14FE9441C91878D00129A5D /* Sources */,
				A14FE9451C91878D00129A5D /* Frameworks */,
				A14FE9461C91878D00129A5D /* Resources */,
			);
			buildRules = (
			);
			dependencies = (
			);
			name = HelloWorld;
			productName = HelloWorld;
			productReference = A14FE9481C91878D00129A5D /* HelloWorld.app */;
			productType = "com.apple.product-type.application";
		};
		A14FE95B1C91878D00129A5D /* HelloWorldTests */ = {
			isa = PBXNativeTarget;
			buildConfigurationList = A14FE9731C91878D00129A5D /* Build configuration list for PBXNativeTarget "HelloWorldTests" */;
			buildPhases = (
				A14FE9581C91878D00129A5D /* Sources */,
				A14FE9591C91878D00129A5D /* Frameworks */,
				A14FE95A1C91878D00129A5D /* Resources */,
			);
			buildRules = (
			);
			dependencies = (
				A14FE95E1C91878D00129A5D /* PBXTargetDependency */,
			);
			name = HelloWorldTests;
			productName = HelloWorldTests;
			productReference = A14FE95C1C91878D00129A5D /* HelloWorldTests.xctest */;
			productType = "com.apple.product-type.bundle.unit-test";
		};
		A14FE9661C91878D00129A5D /* HelloWorldUITests */ = {
			isa = PBXNativeTarget;
			buildConfigurationList = A14FE9761C91878D00129A5D /* Build configuration list for PBXNativeTarget "HelloWorldUITests" */;
			buildPhases = (
				A14FE9631C91878D00129A5D /* Sources */,
				A14FE9641C91878D00129A5D /* Frameworks */,
				A14FE9651C91878D00129A5D /* Resources */,
			);
			buildRules = (
			);
			dependencies = (
				A14FE9691C91878D00129A5D /* PBXTargetDependency */,
			);
			name = HelloWorldUITests;
			productName = HelloWorldUITests;
			productReference = A14FE9671C91878D00129A5D /* HelloWorldUITests.xctest */;
			productType = "com.apple.product-type.bundle.ui-testing";
		};
/* End PBXNativeTarget section */

/* Begin PBXProject section */
		A14FE9401C91878D00129A5D /* Project object */ = {
			isa = PBXProject;
			attributes = {
				LastSwiftUpdateCheck = 0720;
				LastUpgradeCheck = 0720;
				ORGANIZATIONNAME = kpugame;
				TargetAttributes = {
					A14FE9471C91878D00129A5D = {
						CreatedOnToolsVersion = 7.2.1;
						DevelopmentTeam = 5K89RS36D9;
					};
					A14FE95B1C91878D00129A5D = {
						CreatedOnToolsVersion = 7.2.1;
						TestTargetID = A14FE9471C91878D00129A5D;
					};
					A14FE9661C91878D00129A5D = {
						CreatedOnToolsVersion = 7.2.1;
						TestTargetID = A14FE9471C91878D00129A5D;
					};
				};
			};
			buildConfigurationList = A14FE9431C91878D00129A5D /* Build configuration list for PBXProject "HelloWorld" */;
			compatibilityVersion = "Xcode 3.2";
			developmentRegion = English;
			hasScannedForEncodings = 0;
			knownRegions = (
				en,
				Base,
			);
			mainGroup = A14FE93F1C91878D00129A5D;
			productRefGroup = A14FE9491C91878D00129A5D /* Products */;
			projectDirPath = "";
			projectRoot = "";
			targets = (
				A14FE9471C91878D00129A5D /* HelloWorld */,
				A14FE95B1C91878D00129A5D /* HelloWorldTests */,
				A14FE9661C91878D00129A5D /* HelloWorldUITests */,
			);
		};
/* End PBXProject section */

/* Begin PBXResourcesBuildPhase section */
		A14FE9461C91878D00129A5D /* Resources */ = {
			isa = PBXResourcesBuildPhase;
			buildActionMask = 2147483647;
			files = (
				A14FE9561C91878D00129A5D /* LaunchScreen.storyboard in Resources */,
				A14FE9531C91878D00129A5D /* Assets.xcassets in Resources */,
				A14FE9511C91878D00129A5D /* Main.storyboard in Resources */,
			);
			runOnlyForDeploymentPostprocessing = 0;
		};
		A14FE95A1C91878D00129A5D /* Resources */ = {
			isa = PBXResourcesBuildPhase;
			buildActionMask = 2147483647;
			files = (
			);
			runOnlyForDeploymentPostprocessing = 0;
		};
		A14FE9651C91878D00129A5D /* Resources */ = {
			isa = PBXResourcesBuildPhase;
			buildActionMask = 2147483647;
			files = (
			);
			runOnlyForDeploymentPostprocessing = 0;
		};
/* End PBXResourcesBuildPhase section */

/* Begin PBXSourcesBuildPhase section */
		A14FE9441C91878D00129A5D /* Sources */ = {
			isa = PBXSourcesBuildPhase;
			buildActionMask = 2147483647;
			files = (
				A14FE94E1C91878D00129A5D /* ViewController.swift in Sources */,
				A14FE94C1C91878D00129A5D /* AppDelegate.swift in Sources */,
			);
			runOnlyForDeploymentPostprocessing = 0;
		};
		A14FE9581C91878D00129A5D /* Sources */ = {
			isa = PBXSourcesBuildPhase;
			buildActionMask = 2147483647;
			files = (
				A14FE9611C91878D00129A5D /* HelloWorldTests.swift in Sources */,
			);
			runOnlyForDeploymentPostprocessing = 0;
		};
		A14FE9631C91878D00129A5D /* Sources */ = {
			isa = PBXSourcesBuildPhase;
			buildActionMask = 2147483647;
			files = (
				A14FE96C1C91878D00129A5D /* HelloWorldUITests.swift in Sources */,
			);
			runOnlyForDeploymentPostprocessing = 0;
		};
/* End PBXSourcesBuildPhase section */

/* Begin PBXTargetDependency section */
		A14FE95E1C91878D00129A5D /* PBXTargetDependency */ = {
			isa = PBXTargetDependency;
			target = A14FE9471C91878D00129A5D /* HelloWorld */;
			targetProxy = A14FE95D1C91878D00129A5D /* PBXContainerItemProxy */;
		};
		A14FE9691C91878D00129A5D /* PBXTargetDependency */ = {
			isa = PBXTargetDependency;
			target = A14FE9471C91878D00129A5D /* HelloWorld */;
			targetProxy = A14FE9681C91878D00129A5D /* PBXContainerItemProxy */;
		};
/* End PBXTargetDependency section */

/* Begin PBXVariantGroup section */
		A14FE94F1C91878D00129A5D /* Main.storyboard */ = {
			isa = PBXVariantGroup;
			children = (
				A14FE9501C91878D00129A5D /* Base */,
			);
			name = Main.storyboard;
			sourceTree = "<group>";
		};
		A14FE9541C91878D00129A5D /* LaunchScreen.storyboard */ = {
			isa = PBXVariantGroup;
			children = (
				A14FE9551C91878D00129A5D /* Base */,
			);
			name = LaunchScreen.storyboard;
			sourceTree = "<group>";
		};
/* End PBXVariantGroup section */

/* Begin XCBuildConfiguration section */
		A14FE96E1C91878D00129A5D /* Debug */ = {
			isa = XCBuildConfiguration;
			buildSettings = {
				ALWAYS_SEARCH_USER_PATHS = NO;
				CLANG_CXX_LANGUAGE_STANDARD = "gnu++0x";
				CLANG_CXX_LIBRARY = "libc++";
				CLANG_ENABLE_MODULES = YES;
				CLANG_ENABLE_OBJC_ARC = YES;
				CLANG_WARN_BOOL_CONVERSION = YES;
				CLANG_WARN_CONSTANT_CONVERSION = YES;
				CLANG_WARN_DIRECT_OBJC_ISA_USAGE = YES_ERROR;
				CLANG_WARN_EMPTY_BODY = YES;
				CLANG_WARN_ENUM_CONVERSION = YES;
				CLANG_WARN_INT_CONVERSION = YES;
				CLANG_WARN_OBJC_ROOT_CLASS = YES_ERROR;
				CLANG_WARN_UNREACHABLE_CODE = YES;
				CLANG_WARN__DUPLICATE_METHOD_MATCH = YES;
				"CODE_SIGN_IDENTITY[sdk=iphoneos*]" = "iPhone Developer";
				COPY_PHASE_STRIP = NO;
				DEBUG_INFORMATION_FORMAT = dwarf;
				ENABLE_STRICT_OBJC_MSGSEND = YES;
				ENABLE_TESTABILITY = YES;
				GCC_C_LANGUAGE_STANDARD = gnu99;
				GCC_DYNAMIC_NO_PIC = NO;
				GCC_NO_COMMON_BLOCKS = YES;
				GCC_OPTIMIZATION_LEVEL = 0;
				GCC_PREPROCESSOR_DEFINITIONS = (
					"DEBUG=1",
					"$(inherited)",
				);
				GCC_WARN_64_TO_32_BIT_CONVERSION = YES;
				GCC_WARN_ABOUT_RETURN_TYPE = YES_ERROR;
				GCC_WARN_UNDECLARED_SELECTOR = YES;
				GCC_WARN_UNINITIALIZED_AUTOS = YES_AGGRESSIVE;
				GCC_WARN_UNUSED_FUNCTION = YES;
				GCC_WARN_UNUSED_VARIABLE = YES;
				IPHONEOS_DEPLOYMENT_TARGET = 9.2;
				MTL_ENABLE_DEBUG_INFO = YES;
				ONLY_ACTIVE_ARCH = YES;
				SDKROOT = iphoneos;
				SWIFT_OPTIMIZATION_LEVEL = "-Onone";
				TARGETED_DEVICE_FAMILY = "1,2";
			};
			name = Debug;
		};
		A14FE96F1C91878D00129A5D /* Release */ = {
			isa = XCBuildConfiguration;
			buildSettings = {
				ALWAYS_SEARCH_USER_PATHS = NO;
				CLANG_CXX_LANGUAGE_STANDARD = "gnu++0x";
				CLANG_CXX_LIBRARY = "libc++";
				CLANG_ENABLE_MODULES = YES;
				CLANG_ENABLE_OBJC_ARC = YES;
				CLANG_WARN_BOOL_CONVERSION = YES;
				CLANG_WARN_CONSTANT_CONVERSION = YES;
				CLANG_WARN_DIRECT_OBJC_ISA_USAGE = YES_ERROR;
				CLANG_WARN_EMPTY_BODY = YES;
				CLANG_WARN_ENUM_CONVERSION = YES;
				CLANG_WARN_INT_CONVERSION = YES;
				CLANG_WARN_OBJC_ROOT_CLASS = YES_ERROR;
				CLANG_WARN_UNREACHABLE_CODE = YES;
				CLANG_WARN__DUPLICATE_METHOD_MATCH = YES;
				"CODE_SIGN_IDENTITY[sdk=iphoneos*]" = "iPhone Developer";
				COPY_PHASE_STRIP = NO;
				DEBUG_INFORMATION_FORMAT = "dwarf-with-dsym";
				ENABLE_NS_ASSERTIONS = NO;
				ENABLE_STRICT_OBJC_MSGSEND = YES;
				GCC_C_LANGUAGE_STANDARD = gnu99;
				GCC_NO_COMMON_BLOCKS = YES;
				GCC_WARN_64_TO_32_BIT_CONVERSION = YES;
				GCC_WARN_ABOUT_RETURN_TYPE = YES_ERROR;
				GCC_WARN_UNDECLARED_SELECTOR = YES;
				GCC_WARN_UNINITIALIZED_AUTOS = YES_AGGRESSIVE;
				GCC_WARN_UNUSED_FUNCTION = YES;
				GCC_WARN_UNUSED_VARIABLE = YES;
				IPHONEOS_DEPLOYMENT_TARGET = 9.2;
				MTL_ENABLE_DEBUG_INFO = NO;
				SDKROOT = iphoneos;
				TARGETED_DEVICE_FAMILY = "1,2";
				VALIDATE_PRODUCT = YES;
			};
			name = Release;
		};
		A14FE9711C91878D00129A5D /* Debug */ = {
			isa = XCBuildConfiguration;
			buildSettings = {
				ASSETCATALOG_COMPILER_APPICON_NAME = AppIcon;
				CODE_SIGN_IDENTITY = "iPhone Developer: eep7942@gmail.com (D5CBL52799)";
				"CODE_SIGN_IDENTITY[sdk=iphoneos*]" = "iPhone Developer: eep7942@gmail.com (D5CBL52799)";
				INFOPLIST_FILE = HelloWorld/Info.plist;
				LD_RUNPATH_SEARCH_PATHS = "$(inherited) @executable_path/Frameworks";
				PRODUCT_BUNDLE_IDENTIFIER = kpu.2016class.HelloWorld;
				PRODUCT_NAME = "$(TARGET_NAME)";
				PROVISIONING_PROFILE = "";
			};
			name = Debug;
		};
		A14FE9721C91878D00129A5D /* Release */ = {
			isa = XCBuildConfiguration;
			buildSettings = {
				ASSETCATALOG_COMPILER_APPICON_NAME = AppIcon;
				CODE_SIGN_IDENTITY = "iPhone Developer: eep7942@gmail.com (D5CBL52799)";
				"CODE_SIGN_IDENTITY[sdk=iphoneos*]" = "iPhone Developer: eep7942@gmail.com (D5CBL52799)";
				INFOPLIST_FILE = HelloWorld/Info.plist;
				LD_RUNPATH_SEARCH_PATHS = "$(inherited) @executable_path/Frameworks";
				PRODUCT_BUNDLE_IDENTIFIER = kpu.2016class.HelloWorld;
				PRODUCT_NAME = "$(TARGET_NAME)";
				PROVISIONING_PROFILE = "";
			};
			name = Release;
		};
		A14FE9741C91878D00129A5D /* Debug */ = {
			isa = XCBuildConfiguration;
			buildSettings = {
				BUNDLE_LOADER = "$(TEST_HOST)";
				INFOPLIST_FILE = HelloWorldTests/Info.plist;
				LD_RUNPATH_SEARCH_PATHS = "$(inherited) @executable_path/Frameworks @loader_path/Frameworks";
				PRODUCT_BUNDLE_IDENTIFIER = kpu.2016class.HelloWorldTests;
				PRODUCT_NAME = "$(TARGET_NAME)";
				TEST_HOST = "$(BUILT_PRODUCTS_DIR)/HelloWorld.app/HelloWorld";
			};
			name = Debug;
		};
		A14FE9751C91878D00129A5D /* Release */ = {
			isa = XCBuildConfiguration;
			buildSettings = {
				BUNDLE_LOADER = "$(TEST_HOST)";
				INFOPLIST_FILE = HelloWorldTests/Info.plist;
				LD_RUNPATH_SEARCH_PATHS = "$(inherited) @executable_path/Frameworks @loader_path/Frameworks";
				PRODUCT_BUNDLE_IDENTIFIER = kpu.2016class.HelloWorldTests;
				PRODUCT_NAME = "$(TARGET_NAME)";
				TEST_HOST = "$(BUILT_PRODUCTS_DIR)/HelloWorld.app/HelloWorld";
			};
			name = Release;
		};
		A14FE9771C91878D00129A5D /* Debug */ = {
			isa = XCBuildConfiguration;
			buildSettings = {
				INFOPLIST_FILE = HelloWorldUITests/Info.plist;
				LD_RUNPATH_SEARCH_PATHS = "$(inherited) @executable_path/Frameworks @loader_path/Frameworks";
				PRODUCT_BUNDLE_IDENTIFIER = kpu.2016class.HelloWorldUITests;
				PRODUCT_NAME = "$(TARGET_NAME)";
				TEST_TARGET_NAME = HelloWorld;
				USES_XCTRUNNER = YES;
			};
			name = Debug;
		};
		A14FE9781C91878D00129A5D /* Release */ = {
			isa = XCBuildConfiguration;
			buildSettings = {
				INFOPLIST_FILE = HelloWorldUITests/Info.plist;
				LD_RUNPATH_SEARCH_PATHS = "$(inherited) @executable_path/Frameworks @loader_path/Frameworks";
				PRODUCT_BUNDLE_IDENTIFIER = kpu.2016class.HelloWorldUITests;
				PRODUCT_NAME = "$(TARGET_NAME)";
				TEST_TARGET_NAME = HelloWorld;
				USES_XCTRUNNER = YES;
			};
			name = Release;
		};
/* End XCBuildConfiguration section */

/* Begin XCConfigurationList section */
		A14FE9431C91878D00129A5D /* Build configuration list for PBXProject "HelloWorld" */ = {
			isa = XCConfigurationList;
			buildConfigurations = (
				A14FE96E1C91878D00129A5D /* Debug */,
				A14FE96F1C91878D00129A5D /* Release */,
			);
			defaultConfigurationIsVisible = 0;
			defaultConfigurationName = Release;
		};
		A14FE9701C91878D00129A5D /* Build configuration list for PBXNativeTarget "HelloWorld" */ = {
			isa = XCConfigurationList;
			buildConfigurations = (
				A14FE9711C91878D00129A5D /* Debug */,
				A14FE9721C91878D00129A5D /* Release */,
			);
			defaultConfigurationIsVisible = 0;
		};
		A14FE9731C91878D00129A5D /* Build configuration list for PBXNativeTarget "HelloWorldTests" */ = {
			isa = XCConfigurationList;
			buildConfigurations = (
				A14FE9741C91878D00129A5D /* Debug */,
				A14FE9751C91878D00129A5D /* Release */,
			);
			defaultConfigurationIsVisible = 0;
		};
		A14FE9761C91878D00129A5D /* Build configuration list for PBXNativeTarget "HelloWorldUITests" */ = {
			isa = XCConfigurationList;
			buildConfigurations = (
				A14FE9771C91878D00129A5D /* Debug */,
				A14FE9781C91878D00129A5D /* Release */,
			);
			defaultConfigurationIsVisible = 0;
		};
/* End XCConfigurationList section */
	};
	rootObject = A14FE9401C91878D00129A5D /* Project object */;
}
