// !$*UTF8*$!
{
	archiveVersion = 1;
	classes = {
	};
	objectVersion = 46;
	objects = {

/* Begin PBXBuildFile section */
		A1F88EA41CB3B224001CE57B /* AppDelegate.swift in Sources */ = {isa = PBXBuildFile; fileRef = A1F88EA31CB3B224001CE57B /* AppDelegate.swift */; };
		A1F88EA61CB3B224001CE57B /* ViewController.swift in Sources */ = {isa = PBXBuildFile; fileRef = A1F88EA51CB3B224001CE57B /* ViewController.swift */; };
		A1F88EA91CB3B224001CE57B /* Main.storyboard in Resources */ = {isa = PBXBuildFile; fileRef = A1F88EA71CB3B224001CE57B /* Main.storyboard */; };
		A1F88EAB1CB3B224001CE57B /* Assets.xcassets in Resources */ = {isa = PBXBuildFile; fileRef = A1F88EAA1CB3B224001CE57B /* Assets.xcassets */; };
		A1F88EAE1CB3B224001CE57B /* LaunchScreen.storyboard in Resources */ = {isa = PBXBuildFile; fileRef = A1F88EAC1CB3B224001CE57B /* LaunchScreen.storyboard */; };
		A1F88EB61CB3B28C001CE57B /* TipCalculatorModel.swift in Sources */ = {isa = PBXBuildFile; fileRef = A1F88EB51CB3B28C001CE57B /* TipCalculatorModel.swift */; };
/* End PBXBuildFile section */

/* Begin PBXFileReference section */
		A1F88EA01CB3B224001CE57B /* TIpcalc2.app */ = {isa = PBXFileReference; explicitFileType = wrapper.application; includeInIndex = 0; path = TIpcalc2.app; sourceTree = BUILT_PRODUCTS_DIR; };
		A1F88EA31CB3B224001CE57B /* AppDelegate.swift */ = {isa = PBXFileReference; lastKnownFileType = sourcecode.swift; path = AppDelegate.swift; sourceTree = "<group>"; };
		A1F88EA51CB3B224001CE57B /* ViewController.swift */ = {isa = PBXFileReference; lastKnownFileType = sourcecode.swift; path = ViewController.swift; sourceTree = "<group>"; };
		A1F88EA81CB3B224001CE57B /* Base */ = {isa = PBXFileReference; lastKnownFileType = file.storyboard; name = Base; path = Base.lproj/Main.storyboard; sourceTree = "<group>"; };
		A1F88EAA1CB3B224001CE57B /* Assets.xcassets */ = {isa = PBXFileReference; lastKnownFileType = folder.assetcatalog; path = Assets.xcassets; sourceTree = "<group>"; };
		A1F88EAD1CB3B224001CE57B /* Base */ = {isa = PBXFileReference; lastKnownFileType = file.storyboard; name = Base; path = Base.lproj/LaunchScreen.storyboard; sourceTree = "<group>"; };
		A1F88EAF1CB3B224001CE57B /* Info.plist */ = {isa = PBXFileReference; lastKnownFileType = text.plist.xml; path = Info.plist; sourceTree = "<group>"; };
		A1F88EB51CB3B28C001CE57B /* TipCalculatorModel.swift */ = {isa = PBXFileReference; fileEncoding = 4; lastKnownFileType = sourcecode.swift; path = TipCalculatorModel.swift; sourceTree = "<group>"; };
/* End PBXFileReference section */

/* Begin PBXFrameworksBuildPhase section */
		A1F88E9D1CB3B224001CE57B /* Frameworks */ = {
			isa = PBXFrameworksBuildPhase;
			buildActionMask = 2147483647;
			files = (
			);
			runOnlyForDeploymentPostprocessing = 0;
		};
/* End PBXFrameworksBuildPhase section */

/* Begin PBXGroup section */
		A1F88E971CB3B224001CE57B = {
			isa = PBXGroup;
			children = (
				A1F88EB51CB3B28C001CE57B /* TipCalculatorModel.swift */,
				A1F88EA21CB3B224001CE57B /* TIpcalc2 */,
				A1F88EA11CB3B224001CE57B /* Products */,
			);
			sourceTree = "<group>";
		};
		A1F88EA11CB3B224001CE57B /* Products */ = {
			isa = PBXGroup;
			children = (
				A1F88EA01CB3B224001CE57B /* TIpcalc2.app */,
			);
			name = Products;
			sourceTree = "<group>";
		};
		A1F88EA21CB3B224001CE57B /* TIpcalc2 */ = {
			isa = PBXGroup;
			children = (
				A1F88EA31CB3B224001CE57B /* AppDelegate.swift */,
				A1F88EA51CB3B224001CE57B /* ViewController.swift */,
				A1F88EA71CB3B224001CE57B /* Main.storyboard */,
				A1F88EAA1CB3B224001CE57B /* Assets.xcassets */,
				A1F88EAC1CB3B224001CE57B /* LaunchScreen.storyboard */,
				A1F88EAF1CB3B224001CE57B /* Info.plist */,
			);
			path = TIpcalc2;
			sourceTree = "<group>";
		};
/* End PBXGroup section */

/* Begin PBXNativeTarget section */
		A1F88E9F1CB3B224001CE57B /* TIpcalc2 */ = {
			isa = PBXNativeTarget;
			buildConfigurationList = A1F88EB21CB3B224001CE57B /* Build configuration list for PBXNativeTarget "TIpcalc2" */;
			buildPhases = (
				A1F88E9C1CB3B224001CE57B /* Sources */,
				A1F88E9D1CB3B224001CE57B /* Frameworks */,
				A1F88E9E1CB3B224001CE57B /* Resources */,
			);
			buildRules = (
			);
			dependencies = (
			);
			name = TIpcalc2;
			productName = TIpcalc2;
			productReference = A1F88EA01CB3B224001CE57B /* TIpcalc2.app */;
			productType = "com.apple.product-type.application";
		};
/* End PBXNativeTarget section */

/* Begin PBXProject section */
		A1F88E981CB3B224001CE57B /* Project object */ = {
			isa = PBXProject;
			attributes = {
				LastSwiftUpdateCheck = 0730;
				LastUpgradeCheck = 0730;
				ORGANIZATIONNAME = kpugame;
				TargetAttributes = {
					A1F88E9F1CB3B224001CE57B = {
						CreatedOnToolsVersion = 7.3;
						DevelopmentTeam = 5K89RS36D9;
					};
				};
			};
			buildConfigurationList = A1F88E9B1CB3B224001CE57B /* Build configuration list for PBXProject "TIpcalc2" */;
			compatibilityVersion = "Xcode 3.2";
			developmentRegion = English;
			hasScannedForEncodings = 0;
			knownRegions = (
				en,
				Base,
			);
			mainGroup = A1F88E971CB3B224001CE57B;
			productRefGroup = A1F88EA11CB3B224001CE57B /* Products */;
			projectDirPath = "";
			projectRoot = "";
			targets = (
				A1F88E9F1CB3B224001CE57B /* TIpcalc2 */,
			);
		};
/* End PBXProject section */

/* Begin PBXResourcesBuildPhase section */
		A1F88E9E1CB3B224001CE57B /* Resources */ = {
			isa = PBXResourcesBuildPhase;
			buildActionMask = 2147483647;
			files = (
				A1F88EAE1CB3B224001CE57B /* LaunchScreen.storyboard in Resources */,
				A1F88EAB1CB3B224001CE57B /* Assets.xcassets in Resources */,
				A1F88EA91CB3B224001CE57B /* Main.storyboard in Resources */,
			);
			runOnlyForDeploymentPostprocessing = 0;
		};
/* End PBXResourcesBuildPhase section */

/* Begin PBXSourcesBuildPhase section */
		A1F88E9C1CB3B224001CE57B /* Sources */ = {
			isa = PBXSourcesBuildPhase;
			buildActionMask = 2147483647;
			files = (
				A1F88EB61CB3B28C001CE57B /* TipCalculatorModel.swift in Sources */,
				A1F88EA61CB3B224001CE57B /* ViewController.swift in Sources */,
				A1F88EA41CB3B224001CE57B /* AppDelegate.swift in Sources */,
			);
			runOnlyForDeploymentPostprocessing = 0;
		};
/* End PBXSourcesBuildPhase section */

/* Begin PBXVariantGroup section */
		A1F88EA71CB3B224001CE57B /* Main.storyboard */ = {
			isa = PBXVariantGroup;
			children = (
				A1F88EA81CB3B224001CE57B /* Base */,
			);
			name = Main.storyboard;
			sourceTree = "<group>";
		};
		A1F88EAC1CB3B224001CE57B /* LaunchScreen.storyboard */ = {
			isa = PBXVariantGroup;
			children = (
				A1F88EAD1CB3B224001CE57B /* Base */,
			);
			name = LaunchScreen.storyboard;
			sourceTree = "<group>";
		};
/* End PBXVariantGroup section */

/* Begin XCBuildConfiguration section */
		A1F88EB01CB3B224001CE57B /* Debug */ = {
			isa = XCBuildConfiguration;
			buildSettings = {
				ALWAYS_SEARCH_USER_PATHS = NO;
				CLANG_ANALYZER_NONNULL = YES;
				CLANG_CXX_LANGUAGE_STANDARD = "gnu++0x";
				CLANG_CXX_LIBRARY = "libc++";
				CLANG_ENABLE_MODULES = YES;
				CLANG_ENABLE_OBJC_ARC = YES;
				CLANG_WARN_BOOL_CONVERSION = YES;
				CLANG_WARN_CONSTANT_CONVERSION = YES;
				CLANG_WARN_DIRECT_OBJC_ISA_USAGE = YES_ERROR;
				CLANG_WARN_EMPTY_BODY = YES;
				CLANG_WARN_ENUM_CONVERSION = YES;
				CLANG_WARN_INT_CONVERSION = YES;
				CLANG_WARN_OBJC_ROOT_CLASS = YES_ERROR;
				CLANG_WARN_UNREACHABLE_CODE = YES;
				CLANG_WARN__DUPLICATE_METHOD_MATCH = YES;
				"CODE_SIGN_IDENTITY[sdk=iphoneos*]" = "iPhone Developer";
				COPY_PHASE_STRIP = NO;
				DEBUG_INFORMATION_FORMAT = dwarf;
				ENABLE_STRICT_OBJC_MSGSEND = YES;
				ENABLE_TESTABILITY = YES;
				GCC_C_LANGUAGE_STANDARD = gnu99;
				GCC_DYNAMIC_NO_PIC = NO;
				GCC_NO_COMMON_BLOCKS = YES;
				GCC_OPTIMIZATION_LEVEL = 0;
				GCC_PREPROCESSOR_DEFINITIONS = (
					"DEBUG=1",
					"$(inherited)",
				);
				GCC_WARN_64_TO_32_BIT_CONVERSION = YES;
				GCC_WARN_ABOUT_RETURN_TYPE = YES_ERROR;
				GCC_WARN_UNDECLARED_SELECTOR = YES;
				GCC_WARN_UNINITIALIZED_AUTOS = YES_AGGRESSIVE;
				GCC_WARN_UNUSED_FUNCTION = YES;
				GCC_WARN_UNUSED_VARIABLE = YES;
				IPHONEOS_DEPLOYMENT_TARGET = 9.3;
				MTL_ENABLE_DEBUG_INFO = YES;
				ONLY_ACTIVE_ARCH = YES;
				SDKROOT = iphoneos;
				SWIFT_OPTIMIZATION_LEVEL = "-Onone";
				TARGETED_DEVICE_FAMILY = "1,2";
			};
			name = Debug;
		};
		A1F88EB11CB3B224001CE57B /* Release */ = {
			isa = XCBuildConfiguration;
			buildSettings = {
				ALWAYS_SEARCH_USER_PATHS = NO;
				CLANG_ANALYZER_NONNULL = YES;
				CLANG_CXX_LANGUAGE_STANDARD = "gnu++0x";
				CLANG_CXX_LIBRARY = "libc++";
				CLANG_ENABLE_MODULES = YES;
				CLANG_ENABLE_OBJC_ARC = YES;
				CLANG_WARN_BOOL_CONVERSION = YES;
				CLANG_WARN_CONSTANT_CONVERSION = YES;
				CLANG_WARN_DIRECT_OBJC_ISA_USAGE = YES_ERROR;
				CLANG_WARN_EMPTY_BODY = YES;
				CLANG_WARN_ENUM_CONVERSION = YES;
				CLANG_WARN_INT_CONVERSION = YES;
				CLANG_WARN_OBJC_ROOT_CLASS = YES_ERROR;
				CLANG_WARN_UNREACHABLE_CODE = YES;
				CLANG_WARN__DUPLICATE_METHOD_MATCH = YES;
				"CODE_SIGN_IDENTITY[sdk=iphoneos*]" = "iPhone Developer";
				COPY_PHASE_STRIP = NO;
				DEBUG_INFORMATION_FORMAT = "dwarf-with-dsym";
				ENABLE_NS_ASSERTIONS = NO;
				ENABLE_STRICT_OBJC_MSGSEND = YES;
				GCC_C_LANGUAGE_STANDARD = gnu99;
				GCC_NO_COMMON_BLOCKS = YES;
				GCC_WARN_64_TO_32_BIT_CONVERSION = YES;
				GCC_WARN_ABOUT_RETURN_TYPE = YES_ERROR;
				GCC_WARN_UNDECLARED_SELECTOR = YES;
				GCC_WARN_UNINITIALIZED_AUTOS = YES_AGGRESSIVE;
				GCC_WARN_UNUSED_FUNCTION = YES;
				GCC_WARN_UNUSED_VARIABLE = YES;
				IPHONEOS_DEPLOYMENT_TARGET = 9.3;
				MTL_ENABLE_DEBUG_INFO = NO;
				SDKROOT = iphoneos;
				TARGETED_DEVICE_FAMILY = "1,2";
				VALIDATE_PRODUCT = YES;
			};
			name = Release;
		};
		A1F88EB31CB3B224001CE57B /* Debug */ = {
			isa = XCBuildConfiguration;
			buildSettings = {
				ASSETCATALOG_COMPILER_APPICON_NAME = AppIcon;
				CODE_SIGN_IDENTITY = "iPhone Developer";
				INFOPLIST_FILE = TIpcalc2/Info.plist;
				LD_RUNPATH_SEARCH_PATHS = "$(inherited) @executable_path/Frameworks";
				PRODUCT_BUNDLE_IDENTIFIER = kpu.2016class.TIpcalc2;
				PRODUCT_NAME = "$(TARGET_NAME)";
				TARGETED_DEVICE_FAMILY = 2;
			};
			name = Debug;
		};
		A1F88EB41CB3B224001CE57B /* Release */ = {
			isa = XCBuildConfiguration;
			buildSettings = {
				ASSETCATALOG_COMPILER_APPICON_NAME = AppIcon;
				CODE_SIGN_IDENTITY = "iPhone Developer";
				INFOPLIST_FILE = TIpcalc2/Info.plist;
				LD_RUNPATH_SEARCH_PATHS = "$(inherited) @executable_path/Frameworks";
				PRODUCT_BUNDLE_IDENTIFIER = kpu.2016class.TIpcalc2;
				PRODUCT_NAME = "$(TARGET_NAME)";
				TARGETED_DEVICE_FAMILY = 2;
			};
			name = Release;
		};
/* End XCBuildConfiguration section */

/* Begin XCConfigurationList section */
		A1F88E9B1CB3B224001CE57B /* Build configuration list for PBXProject "TIpcalc2" */ = {
			isa = XCConfigurationList;
			buildConfigurations = (
				A1F88EB01CB3B224001CE57B /* Debug */,
				A1F88EB11CB3B224001CE57B /* Release */,
			);
			defaultConfigurationIsVisible = 0;
			defaultConfigurationName = Release;
		};
		A1F88EB21CB3B224001CE57B /* Build configuration list for PBXNativeTarget "TIpcalc2" */ = {
			isa = XCConfigurationList;
			buildConfigurations = (
				A1F88EB31CB3B224001CE57B /* Debug */,
				A1F88EB41CB3B224001CE57B /* Release */,
			);
			defaultConfigurationIsVisible = 0;
			defaultConfigurationName = Release;
		};
/* End XCConfigurationList section */
	};
	rootObject = A1F88E981CB3B224001CE57B /* Project object */;
}
